// !$*UTF8*$!
{
	archiveVersion = 1;
	classes = {
	};
	objectVersion = 50;
	objects = {

/* Begin PBXBuildFile section */
		AB5DFED1228C395B00A90A60 /* AppDelegate.swift in Sources */ = {isa = PBXBuildFile; fileRef = AB5DFED0228C395B00A90A60 /* AppDelegate.swift */; };
		AB5DFED3228C395B00A90A60 /* MainViewController.swift in Sources */ = {isa = PBXBuildFile; fileRef = AB5DFED2228C395B00A90A60 /* MainViewController.swift */; };
		AB5DFED6228C395B00A90A60 /* Main.storyboard in Resources */ = {isa = PBXBuildFile; fileRef = AB5DFED4228C395B00A90A60 /* Main.storyboard */; };
		AB5DFED8228C395D00A90A60 /* Assets.xcassets in Resources */ = {isa = PBXBuildFile; fileRef = AB5DFED7228C395D00A90A60 /* Assets.xcassets */; };
		AB5DFEDB228C395D00A90A60 /* LaunchScreen.storyboard in Resources */ = {isa = PBXBuildFile; fileRef = AB5DFED9228C395D00A90A60 /* LaunchScreen.storyboard */; };
/* End PBXBuildFile section */

/* Begin PBXFileReference section */
		AB5DFECD228C395B00A90A60 /* FadingButton.app */ = {isa = PBXFileReference; explicitFileType = wrapper.application; includeInIndex = 0; path = FadingButton.app; sourceTree = BUILT_PRODUCTS_DIR; };
		AB5DFED0228C395B00A90A60 /* AppDelegate.swift */ = {isa = PBXFileReference; lastKnownFileType = sourcecode.swift; path = AppDelegate.swift; sourceTree = "<group>"; };
		AB5DFED2228C395B00A90A60 /* MainViewController.swift */ = {isa = PBXFileReference; lastKnownFileType = sourcecode.swift; path = MainViewController.swift; sourceTree = "<group>"; };
		AB5DFED5228C395B00A90A60 /* Base */ = {isa = PBXFileReference; lastKnownFileType = file.storyboard; name = Base; path = Base.lproj/Main.storyboard; sourceTree = "<group>"; };
		AB5DFED7228C395D00A90A60 /* Assets.xcassets */ = {isa = PBXFileReference; lastKnownFileType = folder.assetcatalog; path = Assets.xcassets; sourceTree = "<group>"; };
		AB5DFEDA228C395D00A90A60 /* Base */ = {isa = PBXFileReference; lastKnownFileType = file.storyboard; name = Base; path = Base.lproj/LaunchScreen.storyboard; sourceTree = "<group>"; };
		AB5DFEDC228C395D00A90A60 /* Info.plist */ = {isa = PBXFileReference; lastKnownFileType = text.plist.xml; path = Info.plist; sourceTree = "<group>"; };
/* End PBXFileReference section */

/* Begin PBXFrameworksBuildPhase section */
		AB5DFECA228C395B00A90A60 /* Frameworks */ = {
			isa = PBXFrameworksBuildPhase;
			buildActionMask = 2147483647;
			files = (
			);
			runOnlyForDeploymentPostprocessing = 0;
		};
/* End PBXFrameworksBuildPhase section */

/* Begin PBXGroup section */
		AB5DFEC4228C395B00A90A60 = {
			isa = PBXGroup;
			children = (
				AB5DFECF228C395B00A90A60 /* FadingButton */,
				AB5DFECE228C395B00A90A60 /* Products */,
			);
			sourceTree = "<group>";
		};
		AB5DFECE228C395B00A90A60 /* Products */ = {
			isa = PBXGroup;
			children = (
				AB5DFECD228C395B00A90A60 /* FadingButton.app */,
			);
			name = Products;
			sourceTree = "<group>";
		};
		AB5DFECF228C395B00A90A60 /* FadingButton */ = {
			isa = PBXGroup;
			children = (
				AB5DFED0228C395B00A90A60 /* AppDelegate.swift */,
				AB5DFED2228C395B00A90A60 /* MainViewController.swift */,
				AB5DFED4228C395B00A90A60 /* Main.storyboard */,
				AB5DFED7228C395D00A90A60 /* Assets.xcassets */,
				AB5DFED9228C395D00A90A60 /* LaunchScreen.storyboard */,
				AB5DFEDC228C395D00A90A60 /* Info.plist */,
			);
			path = FadingButton;
			sourceTree = "<group>";
		};
/* End PBXGroup section */

/* Begin PBXNativeTarget section */
		AB5DFECC228C395B00A90A60 /* FadingButton */ = {
			isa = PBXNativeTarget;
			buildConfigurationList = AB5DFEDF228C395D00A90A60 /* Build configuration list for PBXNativeTarget "FadingButton" */;
			buildPhases = (
				AB5DFEC9228C395B00A90A60 /* Sources */,
				AB5DFECA228C395B00A90A60 /* Frameworks */,
				AB5DFECB228C395B00A90A60 /* Resources */,
			);
			buildRules = (
			);
			dependencies = (
			);
			name = FadingButton;
			productName = FadingButton;
			productReference = AB5DFECD228C395B00A90A60 /* FadingButton.app */;
			productType = "com.apple.product-type.application";
		};
/* End PBXNativeTarget section */

/* Begin PBXProject section */
		AB5DFEC5228C395B00A90A60 /* Project object */ = {
			isa = PBXProject;
			attributes = {
				LastSwiftUpdateCheck = 1010;
				LastUpgradeCheck = 1010;
				ORGANIZATIONNAME = "About Objects";
				TargetAttributes = {
					AB5DFECC228C395B00A90A60 = {
						CreatedOnToolsVersion = 10.1;
					};
				};
			};
			buildConfigurationList = AB5DFEC8228C395B00A90A60 /* Build configuration list for PBXProject "FadingButton" */;
			compatibilityVersion = "Xcode 9.3";
			developmentRegion = en;
			hasScannedForEncodings = 0;
			knownRegions = (
				en,
				Base,
			);
			mainGroup = AB5DFEC4228C395B00A90A60;
			productRefGroup = AB5DFECE228C395B00A90A60 /* Products */;
			projectDirPath = "";
			projectRoot = "";
			targets = (
				AB5DFECC228C395B00A90A60 /* FadingButton */,
			);
		};
/* End PBXProject section */

/* Begin PBXResourcesBuildPhase section */
		AB5DFECB228C395B00A90A60 /* Resources */ = {
			isa = PBXResourcesBuildPhase;
			buildActionMask = 2147483647;
			files = (
				AB5DFEDB228C395D00A90A60 /* LaunchScreen.storyboard in Resources */,
				AB5DFED8228C395D00A90A60 /* Assets.xcassets in Resources */,
				AB5DFED6228C395B00A90A60 /* Main.storyboard in Resources */,
			);
			runOnlyForDeploymentPostprocessing = 0;
		};
/* End PBXResourcesBuildPhase section */

/* Begin PBXSourcesBuildPhase section */
		AB5DFEC9228C395B00A90A60 /* Sources */ = {
			isa = PBXSourcesBuildPhase;
			buildActionMask = 2147483647;
			files = (
				AB5DFED3228C395B00A90A60 /* MainViewController.swift in Sources */,
				AB5DFED1228C395B00A90A60 /* AppDelegate.swift in Sources */,
			);
			runOnlyForDeploymentPostprocessing = 0;
		};
/* End PBXSourcesBuildPhase section */

/* Begin PBXVariantGroup section */
		AB5DFED4228C395B00A90A60 /* Main.storyboard */ = {
			isa = PBXVariantGroup;
			children = (
				AB5DFED5228C395B00A90A60 /* Base */,
			);
			name = Main.storyboard;
			sourceTree = "<group>";
		};
		AB5DFED9228C395D00A90A60 /* LaunchScreen.storyboard */ = {
			isa = PBXVariantGroup;
			children = (
				AB5DFEDA228C395D00A90A60 /* Base */,
			);
			name = LaunchScreen.storyboard;
			sourceTree = "<group>";
		};
/* End PBXVariantGroup section */

/* Begin XCBuildConfiguration section */
		AB5DFEDD228C395D00A90A60 /* Debug */ = {
			isa = XCBuildConfiguration;
			buildSettings = {
				ALWAYS_SEARCH_USER_PATHS = NO;
				CLANG_ANALYZER_NONNULL = YES;
				CLANG_ANALYZER_NUMBER_OBJECT_CONVERSION = YES_AGGRESSIVE;
				CLANG_CXX_LANGUAGE_STANDARD = "gnu++14";
				CLANG_CXX_LIBRARY = "libc++";
				CLANG_ENABLE_MODULES = YES;
				CLANG_ENABLE_OBJC_ARC = YES;
				CLANG_ENABLE_OBJC_WEAK = YES;
				CLANG_WARN_BLOCK_CAPTURE_AUTORELEASING = YES;
				CLANG_WARN_BOOL_CONVERSION = YES;
				CLANG_WARN_COMMA = YES;
				CLANG_WARN_CONSTANT_CONVERSION = YES;
				CLANG_WARN_DEPRECATED_OBJC_IMPLEMENTATIONS = YES;
				CLANG_WARN_DIRECT_OBJC_ISA_USAGE = YES_ERROR;
				CLANG_WARN_DOCUMENTATION_COMMENTS = YES;
				CLANG_WARN_EMPTY_BODY = YES;
				CLANG_WARN_ENUM_CONVERSION = YES;
				CLANG_WARN_INFINITE_RECURSION = YES;
				CLANG_WARN_INT_CONVERSION = YES;
				CLANG_WARN_NON_LITERAL_NULL_CONVERSION = YES;
				CLANG_WARN_OBJC_IMPLICIT_RETAIN_SELF = YES;
				CLANG_WARN_OBJC_LITERAL_CONVERSION = YES;
				CLANG_WARN_OBJC_ROOT_CLASS = YES_ERROR;
				CLANG_WARN_RANGE_LOOP_ANALYSIS = YES;
				CLANG_WARN_STRICT_PROTOTYPES = YES;
				CLANG_WARN_SUSPICIOUS_MOVE = YES;
				CLANG_WARN_UNGUARDED_AVAILABILITY = YES_AGGRESSIVE;
				CLANG_WARN_UNREACHABLE_CODE = YES;
				CLANG_WARN__DUPLICATE_METHOD_MATCH = YES;
				CODE_SIGN_IDENTITY = "iPhone Developer";
				COPY_PHASE_STRIP = NO;
				DEBUG_INFORMATION_FORMAT = dwarf;
				ENABLE_STRICT_OBJC_MSGSEND = YES;
				ENABLE_TESTABILITY = YES;
				GCC_C_LANGUAGE_STANDARD = gnu11;
				GCC_DYNAMIC_NO_PIC = NO;
				GCC_NO_COMMON_BLOCKS = YES;
				GCC_OPTIMIZATION_LEVEL = 0;
				GCC_PREPROCESSOR_DEFINITIONS = (
					"DEBUG=1",
					"$(inherited)",
				);
				GCC_WARN_64_TO_32_BIT_CONVERSION = YES;
				GCC_WARN_ABOUT_RETURN_TYPE = YES_ERROR;
				GCC_WARN_UNDECLARED_SELECTOR = YES;
				GCC_WARN_UNINITIALIZED_AUTOS = YES_AGGRESSIVE;
				GCC_WARN_UNUSED_FUNCTION = YES;
				GCC_WARN_UNUSED_VARIABLE = YES;
				IPHONEOS_DEPLOYMENT_TARGET = 12.1;
				MTL_ENABLE_DEBUG_INFO = INCLUDE_SOURCE;
				MTL_FAST_MATH = YES;
				ONLY_ACTIVE_ARCH = YES;
				SDKROOT = iphoneos;
				SWIFT_ACTIVE_COMPILATION_CONDITIONS = DEBUG;
				SWIFT_OPTIMIZATION_LEVEL = "-Onone";
			};
			name = Debug;
		};
		AB5DFEDE228C395D00A90A60 /* Release */ = {
			isa = XCBuildConfiguration;
			buildSettings = {
				ALWAYS_SEARCH_USER_PATHS = NO;
				CLANG_ANALYZER_NONNULL = YES;
				CLANG_ANALYZER_NUMBER_OBJECT_CONVERSION = YES_AGGRESSIVE;
				CLANG_CXX_LANGUAGE_STANDARD = "gnu++14";
				CLANG_CXX_LIBRARY = "libc++";
				CLANG_ENABLE_MODULES = YES;
				CLANG_ENABLE_OBJC_ARC = YES;
				CLANG_ENABLE_OBJC_WEAK = YES;
				CLANG_WARN_BLOCK_CAPTURE_AUTORELEASING = YES;
				CLANG_WARN_BOOL_CONVERSION = YES;
				CLANG_WARN_COMMA = YES;
				CLANG_WARN_CONSTANT_CONVERSION = YES;
				CLANG_WARN_DEPRECATED_OBJC_IMPLEMENTATIONS = YES;
				CLANG_WARN_DIRECT_OBJC_ISA_USAGE = YES_ERROR;
				CLANG_WARN_DOCUMENTATION_COMMENTS = YES;
				CLANG_WARN_EMPTY_BODY = YES;
				CLANG_WARN_ENUM_CONVERSION = YES;
				CLANG_WARN_INFINITE_RECURSION = YES;
				CLANG_WARN_INT_CONVERSION = YES;
				CLANG_WARN_NON_LITERAL_NULL_CONVERSION = YES;
				CLANG_WARN_OBJC_IMPLICIT_RETAIN_SELF = YES;
				CLANG_WARN_OBJC_LITERAL_CONVERSION = YES;
				CLANG_WARN_OBJC_ROOT_CLASS = YES_ERROR;
				CLANG_WARN_RANGE_LOOP_ANALYSIS = YES;
				CLANG_WARN_STRICT_PROTOTYPES = YES;
				CLANG_WARN_SUSPICIOUS_MOVE = YES;
				CLANG_WARN_UNGUARDED_AVAILABILITY = YES_AGGRESSIVE;
				CLANG_WARN_UNREACHABLE_CODE = YES;
				CLANG_WARN__DUPLICATE_METHOD_MATCH = YES;
				CODE_SIGN_IDENTITY = "iPhone Developer";
				COPY_PHASE_STRIP = NO;
				DEBUG_INFORMATION_FORMAT = "dwarf-with-dsym";
				ENABLE_NS_ASSERTIONS = NO;
				ENABLE_STRICT_OBJC_MSGSEND = YES;
				GCC_C_LANGUAGE_STANDARD = gnu11;
				GCC_NO_COMMON_BLOCKS = YES;
				GCC_WARN_64_TO_32_BIT_CONVERSION = YES;
				GCC_WARN_ABOUT_RETURN_TYPE = YES_ERROR;
				GCC_WARN_UNDECLARED_SELECTOR = YES;
				GCC_WARN_UNINITIALIZED_AUTOS = YES_AGGRESSIVE;
				GCC_WARN_UNUSED_FUNCTION = YES;
				GCC_WARN_UNUSED_VARIABLE = YES;
				IPHONEOS_DEPLOYMENT_TARGET = 12.1;
				MTL_ENABLE_DEBUG_INFO = NO;
				MTL_FAST_MATH = YES;
				SDKROOT = iphoneos;
				SWIFT_COMPILATION_MODE = wholemodule;
				SWIFT_OPTIMIZATION_LEVEL = "-O";
				VALIDATE_PRODUCT = YES;
			};
			name = Release;
		};
		AB5DFEE0228C395D00A90A60 /* Debug */ = {
			isa = XCBuildConfiguration;
			buildSettings = {
				ASSETCATALOG_COMPILER_APPICON_NAME = AppIcon;
				CODE_SIGN_STYLE = Automatic;
				DEVELOPMENT_TEAM = 7J7LD9SB6Q;
				INFOPLIST_FILE = FadingButton/Info.plist;
				LD_RUNPATH_SEARCH_PATHS = (
					"$(inherited)",
					"@executable_path/Frameworks",
				);
				PRODUCT_BUNDLE_IDENTIFIER = com.aboutobjects.FadingButton;
				PRODUCT_NAME = "$(TARGET_NAME)";
				SWIFT_VERSION = 4.2;
				TARGETED_DEVICE_FAMILY = "1,2";
			};
			name = Debug;
		};
		AB5DFEE1228C395D00A90A60 /* Release */ = {
			isa = XCBuildConfiguration;
			buildSettings = {
				ASSETCATALOG_COMPILER_APPICON_NAME = AppIcon;
				CODE_SIGN_STYLE = Automatic;
				DEVELOPMENT_TEAM = 7J7LD9SB6Q;
				INFOPLIST_FILE = FadingButton/Info.plist;
				LD_RUNPATH_SEARCH_PATHS = (
					"$(inherited)",
					"@executable_path/Frameworks",
				);
				PRODUCT_BUNDLE_IDENTIFIER = com.aboutobjects.FadingButton;
				PRODUCT_NAME = "$(TARGET_NAME)";
				SWIFT_VERSION = 4.2;
				TARGETED_DEVICE_FAMILY = "1,2";
			};
			name = Release;
		};
/* End XCBuildConfiguration section */

/* Begin XCConfigurationList section */
		AB5DFEC8228C395B00A90A60 /* Build configuration list for PBXProject "FadingButton" */ = {
			isa = XCConfigurationList;
			buildConfigurations = (
				AB5DFEDD228C395D00A90A60 /* Debug */,
				AB5DFEDE228C395D00A90A60 /* Release */,
			);
			defaultConfigurationIsVisible = 0;
			defaultConfigurationName = Release;
		};
		AB5DFEDF228C395D00A90A60 /* Build configuration list for PBXNativeTarget "FadingButton" */ = {
			isa = XCConfigurationList;
			buildConfigurations = (
				AB5DFEE0228C395D00A90A60 /* Debug */,
				AB5DFEE1228C395D00A90A60 /* Release */,
			);
			defaultConfigurationIsVisible = 0;
			defaultConfigurationName = Release;
		};
/* End XCConfigurationList section */
	};
	rootObject = AB5DFEC5228C395B00A90A60 /* Project object */;
}
